
Microsoft Visual Studio Solution File, Format Version 12.00
# Visual Studio Version 17
VisualStudioVersion = 17.14.36518.9
MinimumVisualStudioVersion = 10.0.40219.1
Project("{FAE04EC0-301F-11D3-BF4B-00C04F79EFBC}") = "Count_Elements_Greater_Than_Previous_Average", "Count_Elements_Greater_Than_Previous_Average\Count_Elements_Greater_Than_Previous_Average.csproj", "{87F95F73-985B-484F-9020-CA921EA863A1}"
EndProject
Project("{FAE04EC0-301F-11D3-BF4B-00C04F79EFBC}") = "Find_the_Smallest_Missing_Positive_Integer", "Find_the_Smallest_Missing_Positive_Integer\Find_the_Smallest_Missing_Positive_Integer.csproj", "{28FB9521-386F-4155-BCCC-77D39AB7AAF6}"
EndProject
Project("{FAE04EC0-301F-11D3-BF4B-00C04F79EFBC}") = "Check_Palindrome_by_Filtering_Non-Letters", "Check_Palindrome_by_Filtering_Non-Letters\Check_Palindrome_by_Filtering_Non-Letters.csproj", "{43C348F0-4118-43D7-91A9-686847C26D85}"
EndProject
Project("{FAE04EC0-301F-11D3-BF4B-00C04F79EFBC}") = "Check_for_Non-Identical_String_Rotation", "Check_for_Non-Identical_String_Rotation\Check_for_Non-Identical_String_Rotation.csproj", "{58ECBC9B-440F-46F6-B355-5A6D0FD136D3}"
EndProject
Project("{FAE04EC0-301F-11D3-BF4B-00C04F79EFBC}") = "Target_Index_Search", "Target_Index_Search\Target_Index_Search.csproj", "{3688474A-DCB8-4077-BE31-62C30BCD1202}"
EndProject
Project("{FAE04EC0-301F-11D3-BF4B-00C04F79EFBC}") = "Find_First_Occurrence", "Find_First_Occurrence\Find_First_Occurrence.csproj", "{38850F66-99AC-4A3E-8DDE-8DE4A641A8A4}"
EndProject
Project("{FAE04EC0-301F-11D3-BF4B-00C04F79EFBC}") = "Maximum_Number_of_Non-Overlapping_Intervals", "Maximum_Number_of_Non-Overlapping_Intervals\Maximum_Number_of_Non-Overlapping_Intervals.csproj", "{FF9095E8-EBDC-42EB-A9C2-6495BB022F47}"
EndProject
Project("{FAE04EC0-301F-11D3-BF4B-00C04F79EFBC}") = "Validate_Properly_Nested_Brackets", "Validate_Properly_Nested_Brackets\Validate_Properly_Nested_Brackets.csproj", "{2D896EE5-8245-4B24-B730-CD67CEF2C51C}"
EndProject
Project("{FAE04EC0-301F-11D3-BF4B-00C04F79EFBC}") = "Min-Tracking_Stack_Implementation", "Min-Tracking_Stack_Implementation\Min-Tracking_Stack_Implementation.csproj", "{BEB16201-26C9-470A-A5DF-497F31948FB8}"
EndProject
Project("{FAE04EC0-301F-11D3-BF4B-00C04F79EFBC}") = "One-Pass_Removal_of_k-th_Node_from_End", "One-Pass_Removal_of_k-th_Node_from_End\One-Pass_Removal_of_k-th_Node_from_End.csproj", "{C5238F7F-785F-473F-966D-DA29EC8EC4A3}"
EndProject
Project("{FAE04EC0-301F-11D3-BF4B-00C04F79EFBC}") = "Count_Number_Pairs", "Count_Number_Pairs\Count_Number_Pairs.csproj", "{D7E4A19E-F13C-41F3-A2B9-57C88500C4EE}"
EndProject
Project("{FAE04EC0-301F-11D3-BF4B-00C04F79EFBC}") = "Remove_Consecutive_Duplicates_from_Sorted_Linked_List", "Remove_Consecutive_Duplicates_from_Sorted_Linked_List\Remove_Consecutive_Duplicates_from_Sorted_Linked_List.csproj", "{72FC37AF-6034-44E1-96BF-15523BA180A0}"
EndProject
Project("{FAE04EC0-301F-11D3-BF4B-00C04F79EFBC}") = "Two_Sum", "Two_Sum\Two_Sum.csproj", "{7946618A-1E76-468F-A6EB-618E557F885A}"
EndProject
Project("{FAE04EC0-301F-11D3-BF4B-00C04F79EFBC}") = "Remove_Elements_Within_K_Distance", "Remove_Elements_Within_K_Distance\Remove_Elements_Within_K_Distance.csproj", "{2EDC6C22-51A9-4DB8-9FB8-7ED025246103}"
EndProject
Global
	GlobalSection(SolutionConfigurationPlatforms) = preSolution
		Debug|Any CPU = Debug|Any CPU
		Release|Any CPU = Release|Any CPU
	EndGlobalSection
	GlobalSection(ProjectConfigurationPlatforms) = postSolution
		{87F95F73-985B-484F-9020-CA921EA863A1}.Debug|Any CPU.ActiveCfg = Debug|Any CPU
		{87F95F73-985B-484F-9020-CA921EA863A1}.Debug|Any CPU.Build.0 = Debug|Any CPU
		{87F95F73-985B-484F-9020-CA921EA863A1}.Release|Any CPU.ActiveCfg = Release|Any CPU
		{87F95F73-985B-484F-9020-CA921EA863A1}.Release|Any CPU.Build.0 = Release|Any CPU
		{28FB9521-386F-4155-BCCC-77D39AB7AAF6}.Debug|Any CPU.ActiveCfg = Debug|Any CPU
		{28FB9521-386F-4155-BCCC-77D39AB7AAF6}.Debug|Any CPU.Build.0 = Debug|Any CPU
		{28FB9521-386F-4155-BCCC-77D39AB7AAF6}.Release|Any CPU.ActiveCfg = Release|Any CPU
		{28FB9521-386F-4155-BCCC-77D39AB7AAF6}.Release|Any CPU.Build.0 = Release|Any CPU
		{43C348F0-4118-43D7-91A9-686847C26D85}.Debug|Any CPU.ActiveCfg = Debug|Any CPU
		{43C348F0-4118-43D7-91A9-686847C26D85}.Debug|Any CPU.Build.0 = Debug|Any CPU
		{43C348F0-4118-43D7-91A9-686847C26D85}.Release|Any CPU.ActiveCfg = Release|Any CPU
		{43C348F0-4118-43D7-91A9-686847C26D85}.Release|Any CPU.Build.0 = Release|Any CPU
		{58ECBC9B-440F-46F6-B355-5A6D0FD136D3}.Debug|Any CPU.ActiveCfg = Debug|Any CPU
		{58ECBC9B-440F-46F6-B355-5A6D0FD136D3}.Debug|Any CPU.Build.0 = Debug|Any CPU
		{58ECBC9B-440F-46F6-B355-5A6D0FD136D3}.Release|Any CPU.ActiveCfg = Release|Any CPU
		{58ECBC9B-440F-46F6-B355-5A6D0FD136D3}.Release|Any CPU.Build.0 = Release|Any CPU
		{3688474A-DCB8-4077-BE31-62C30BCD1202}.Debug|Any CPU.ActiveCfg = Debug|Any CPU
		{3688474A-DCB8-4077-BE31-62C30BCD1202}.Debug|Any CPU.Build.0 = Debug|Any CPU
		{3688474A-DCB8-4077-BE31-62C30BCD1202}.Release|Any CPU.ActiveCfg = Release|Any CPU
		{3688474A-DCB8-4077-BE31-62C30BCD1202}.Release|Any CPU.Build.0 = Release|Any CPU
		{38850F66-99AC-4A3E-8DDE-8DE4A641A8A4}.Debug|Any CPU.ActiveCfg = Debug|Any CPU
		{38850F66-99AC-4A3E-8DDE-8DE4A641A8A4}.Debug|Any CPU.Build.0 = Debug|Any CPU
		{38850F66-99AC-4A3E-8DDE-8DE4A641A8A4}.Release|Any CPU.ActiveCfg = Release|Any CPU
		{38850F66-99AC-4A3E-8DDE-8DE4A641A8A4}.Release|Any CPU.Build.0 = Release|Any CPU
		{FF9095E8-EBDC-42EB-A9C2-6495BB022F47}.Debug|Any CPU.ActiveCfg = Debug|Any CPU
		{FF9095E8-EBDC-42EB-A9C2-6495BB022F47}.Debug|Any CPU.Build.0 = Debug|Any CPU
		{FF9095E8-EBDC-42EB-A9C2-6495BB022F47}.Release|Any CPU.ActiveCfg = Release|Any CPU
		{FF9095E8-EBDC-42EB-A9C2-6495BB022F47}.Release|Any CPU.Build.0 = Release|Any CPU
		{2D896EE5-8245-4B24-B730-CD67CEF2C51C}.Debug|Any CPU.ActiveCfg = Debug|Any CPU
		{2D896EE5-8245-4B24-B730-CD67CEF2C51C}.Debug|Any CPU.Build.0 = Debug|Any CPU
		{2D896EE5-8245-4B24-B730-CD67CEF2C51C}.Release|Any CPU.ActiveCfg = Release|Any CPU
		{2D896EE5-8245-4B24-B730-CD67CEF2C51C}.Release|Any CPU.Build.0 = Release|Any CPU
		{BEB16201-26C9-470A-A5DF-497F31948FB8}.Debug|Any CPU.ActiveCfg = Debug|Any CPU
		{BEB16201-26C9-470A-A5DF-497F31948FB8}.Debug|Any CPU.Build.0 = Debug|Any CPU
		{BEB16201-26C9-470A-A5DF-497F31948FB8}.Release|Any CPU.ActiveCfg = Release|Any CPU
		{BEB16201-26C9-470A-A5DF-497F31948FB8}.Release|Any CPU.Build.0 = Release|Any CPU
		{C5238F7F-785F-473F-966D-DA29EC8EC4A3}.Debug|Any CPU.ActiveCfg = Debug|Any CPU
		{C5238F7F-785F-473F-966D-DA29EC8EC4A3}.Debug|Any CPU.Build.0 = Debug|Any CPU
		{C5238F7F-785F-473F-966D-DA29EC8EC4A3}.Release|Any CPU.ActiveCfg = Release|Any CPU
		{C5238F7F-785F-473F-966D-DA29EC8EC4A3}.Release|Any CPU.Build.0 = Release|Any CPU
		{D7E4A19E-F13C-41F3-A2B9-57C88500C4EE}.Debug|Any CPU.ActiveCfg = Debug|Any CPU
		{D7E4A19E-F13C-41F3-A2B9-57C88500C4EE}.Debug|Any CPU.Build.0 = Debug|Any CPU
		{D7E4A19E-F13C-41F3-A2B9-57C88500C4EE}.Release|Any CPU.ActiveCfg = Release|Any CPU
		{D7E4A19E-F13C-41F3-A2B9-57C88500C4EE}.Release|Any CPU.Build.0 = Release|Any CPU
		{72FC37AF-6034-44E1-96BF-15523BA180A0}.Debug|Any CPU.ActiveCfg = Debug|Any CPU
		{72FC37AF-6034-44E1-96BF-15523BA180A0}.Debug|Any CPU.Build.0 = Debug|Any CPU
		{72FC37AF-6034-44E1-96BF-15523BA180A0}.Release|Any CPU.ActiveCfg = Release|Any CPU
		{72FC37AF-6034-44E1-96BF-15523BA180A0}.Release|Any CPU.Build.0 = Release|Any CPU
		{7946618A-1E76-468F-A6EB-618E557F885A}.Debug|Any CPU.ActiveCfg = Debug|Any CPU
		{7946618A-1E76-468F-A6EB-618E557F885A}.Debug|Any CPU.Build.0 = Debug|Any CPU
		{7946618A-1E76-468F-A6EB-618E557F885A}.Release|Any CPU.ActiveCfg = Release|Any CPU
		{7946618A-1E76-468F-A6EB-618E557F885A}.Release|Any CPU.Build.0 = Release|Any CPU
		{2EDC6C22-51A9-4DB8-9FB8-7ED025246103}.Debug|Any CPU.ActiveCfg = Debug|Any CPU
		{2EDC6C22-51A9-4DB8-9FB8-7ED025246103}.Debug|Any CPU.Build.0 = Debug|Any CPU
		{2EDC6C22-51A9-4DB8-9FB8-7ED025246103}.Release|Any CPU.ActiveCfg = Release|Any CPU
		{2EDC6C22-51A9-4DB8-9FB8-7ED025246103}.Release|Any CPU.Build.0 = Release|Any CPU
	EndGlobalSection
	GlobalSection(SolutionProperties) = preSolution
		HideSolutionNode = FALSE
	EndGlobalSection
	GlobalSection(ExtensibilityGlobals) = postSolution
		SolutionGuid = {F6928B61-BC75-40C7-97E3-237049B9AE57}
	EndGlobalSection
EndGlobal
