
Microsoft Visual Studio Solution File, Format Version 12.00
# Visual Studio Version 17
VisualStudioVersion = 17.14.36518.9
MinimumVisualStudioVersion = 10.0.40219.1
Project("{FAE04EC0-301F-11D3-BF4B-00C04F79EFBC}") = "Max_Min", "Max_Min\Max_Min.csproj", "{FB2B0226-14F3-4BC5-9999-BC71B64355A2}"
EndProject
Project("{FAE04EC0-301F-11D3-BF4B-00C04F79EFBC}") = "Strong_Password", "Strong_Password\Strong_Password.csproj", "{F7CE65FA-9E33-45FC-B943-172AB672B889}"
EndProject
Project("{FAE04EC0-301F-11D3-BF4B-00C04F79EFBC}") = "Dynamic_Array", "Dynamic_Array\Dynamic_Array.csproj", "{6DBFC2E0-3533-445B-87F5-7F8120AA92CC}"
EndProject
Project("{FAE04EC0-301F-11D3-BF4B-00C04F79EFBC}") = "Missing_Numbers", "Missing_Numbers\Missing_Numbers.csproj", "{83FFC5AF-97CA-4C50-8660-D19EBF14B04F}"
EndProject
Project("{FAE04EC0-301F-11D3-BF4B-00C04F79EFBC}") = "Smart_Number_2", "Smart_Number_2\Smart_Number_2.csproj", "{F7C8A593-9EC5-4F63-AAE0-9976AC67F703}"
EndProject
Project("{FAE04EC0-301F-11D3-BF4B-00C04F79EFBC}") = "The_Full_Counting_Sort", "The_Full_Counting_Sort\The_Full_Counting_Sort.csproj", "{308D6997-2D6A-4F31-BF6E-6CF1B5F8B129}"
EndProject
Project("{FAE04EC0-301F-11D3-BF4B-00C04F79EFBC}") = "Grid_Challenge", "Grid_Challenge\Grid_Challenge.csproj", "{4E508A79-340E-491B-A90D-36DC01FBDE52}"
EndProject
Global
	GlobalSection(SolutionConfigurationPlatforms) = preSolution
		Debug|Any CPU = Debug|Any CPU
		Release|Any CPU = Release|Any CPU
	EndGlobalSection
	GlobalSection(ProjectConfigurationPlatforms) = postSolution
		{FB2B0226-14F3-4BC5-9999-BC71B64355A2}.Debug|Any CPU.ActiveCfg = Debug|Any CPU
		{FB2B0226-14F3-4BC5-9999-BC71B64355A2}.Debug|Any CPU.Build.0 = Debug|Any CPU
		{FB2B0226-14F3-4BC5-9999-BC71B64355A2}.Release|Any CPU.ActiveCfg = Release|Any CPU
		{FB2B0226-14F3-4BC5-9999-BC71B64355A2}.Release|Any CPU.Build.0 = Release|Any CPU
		{F7CE65FA-9E33-45FC-B943-172AB672B889}.Debug|Any CPU.ActiveCfg = Debug|Any CPU
		{F7CE65FA-9E33-45FC-B943-172AB672B889}.Debug|Any CPU.Build.0 = Debug|Any CPU
		{F7CE65FA-9E33-45FC-B943-172AB672B889}.Release|Any CPU.ActiveCfg = Release|Any CPU
		{F7CE65FA-9E33-45FC-B943-172AB672B889}.Release|Any CPU.Build.0 = Release|Any CPU
		{6DBFC2E0-3533-445B-87F5-7F8120AA92CC}.Debug|Any CPU.ActiveCfg = Debug|Any CPU
		{6DBFC2E0-3533-445B-87F5-7F8120AA92CC}.Debug|Any CPU.Build.0 = Debug|Any CPU
		{6DBFC2E0-3533-445B-87F5-7F8120AA92CC}.Release|Any CPU.ActiveCfg = Release|Any CPU
		{6DBFC2E0-3533-445B-87F5-7F8120AA92CC}.Release|Any CPU.Build.0 = Release|Any CPU
		{83FFC5AF-97CA-4C50-8660-D19EBF14B04F}.Debug|Any CPU.ActiveCfg = Debug|Any CPU
		{83FFC5AF-97CA-4C50-8660-D19EBF14B04F}.Debug|Any CPU.Build.0 = Debug|Any CPU
		{83FFC5AF-97CA-4C50-8660-D19EBF14B04F}.Release|Any CPU.ActiveCfg = Release|Any CPU
		{83FFC5AF-97CA-4C50-8660-D19EBF14B04F}.Release|Any CPU.Build.0 = Release|Any CPU
		{F7C8A593-9EC5-4F63-AAE0-9976AC67F703}.Debug|Any CPU.ActiveCfg = Debug|Any CPU
		{F7C8A593-9EC5-4F63-AAE0-9976AC67F703}.Debug|Any CPU.Build.0 = Debug|Any CPU
		{F7C8A593-9EC5-4F63-AAE0-9976AC67F703}.Release|Any CPU.ActiveCfg = Release|Any CPU
		{F7C8A593-9EC5-4F63-AAE0-9976AC67F703}.Release|Any CPU.Build.0 = Release|Any CPU
		{308D6997-2D6A-4F31-BF6E-6CF1B5F8B129}.Debug|Any CPU.ActiveCfg = Debug|Any CPU
		{308D6997-2D6A-4F31-BF6E-6CF1B5F8B129}.Debug|Any CPU.Build.0 = Debug|Any CPU
		{308D6997-2D6A-4F31-BF6E-6CF1B5F8B129}.Release|Any CPU.ActiveCfg = Release|Any CPU
		{308D6997-2D6A-4F31-BF6E-6CF1B5F8B129}.Release|Any CPU.Build.0 = Release|Any CPU
		{4E508A79-340E-491B-A90D-36DC01FBDE52}.Debug|Any CPU.ActiveCfg = Debug|Any CPU
		{4E508A79-340E-491B-A90D-36DC01FBDE52}.Debug|Any CPU.Build.0 = Debug|Any CPU
		{4E508A79-340E-491B-A90D-36DC01FBDE52}.Release|Any CPU.ActiveCfg = Release|Any CPU
		{4E508A79-340E-491B-A90D-36DC01FBDE52}.Release|Any CPU.Build.0 = Release|Any CPU
	EndGlobalSection
	GlobalSection(SolutionProperties) = preSolution
		HideSolutionNode = FALSE
	EndGlobalSection
	GlobalSection(ExtensibilityGlobals) = postSolution
		SolutionGuid = {42556029-AA06-4A25-8FD1-D5479E5EF437}
	EndGlobalSection
EndGlobal
