
Microsoft Visual Studio Solution File, Format Version 12.00
# Visual Studio Version 17
VisualStudioVersion = 17.14.36518.9 d17.14
MinimumVisualStudioVersion = 10.0.40219.1
Project("{FAE04EC0-301F-11D3-BF4B-00C04F79EFBC}") = "Prime_Dates", "Prime_Dates\Prime_Dates.csproj", "{3A52E79C-2E6F-477C-B740-5E7E0A2F4A60}"
EndProject
Project("{FAE04EC0-301F-11D3-BF4B-00C04F79EFBC}") = "Sherlock_and_Array", "Sherlock_and_Array\Sherlock_and_Array.csproj", "{0C58B236-F32A-4E51-883A-2D46D8FC73AD}"
EndProject
Global
	GlobalSection(SolutionConfigurationPlatforms) = preSolution
		Debug|Any CPU = Debug|Any CPU
		Release|Any CPU = Release|Any CPU
	EndGlobalSection
	GlobalSection(ProjectConfigurationPlatforms) = postSolution
		{3A52E79C-2E6F-477C-B740-5E7E0A2F4A60}.Debug|Any CPU.ActiveCfg = Debug|Any CPU
		{3A52E79C-2E6F-477C-B740-5E7E0A2F4A60}.Debug|Any CPU.Build.0 = Debug|Any CPU
		{3A52E79C-2E6F-477C-B740-5E7E0A2F4A60}.Release|Any CPU.ActiveCfg = Release|Any CPU
		{3A52E79C-2E6F-477C-B740-5E7E0A2F4A60}.Release|Any CPU.Build.0 = Release|Any CPU
		{0C58B236-F32A-4E51-883A-2D46D8FC73AD}.Debug|Any CPU.ActiveCfg = Debug|Any CPU
		{0C58B236-F32A-4E51-883A-2D46D8FC73AD}.Debug|Any CPU.Build.0 = Debug|Any CPU
		{0C58B236-F32A-4E51-883A-2D46D8FC73AD}.Release|Any CPU.ActiveCfg = Release|Any CPU
		{0C58B236-F32A-4E51-883A-2D46D8FC73AD}.Release|Any CPU.Build.0 = Release|Any CPU
	EndGlobalSection
	GlobalSection(SolutionProperties) = preSolution
		HideSolutionNode = FALSE
	EndGlobalSection
	GlobalSection(ExtensibilityGlobals) = postSolution
		SolutionGuid = {BBD62488-BFE7-496D-8548-4AF42D142DA5}
	EndGlobalSection
EndGlobal
