
Microsoft Visual Studio Solution File, Format Version 12.00
# Visual Studio Version 17
VisualStudioVersion = 17.14.36518.9 d17.14
MinimumVisualStudioVersion = 10.0.40219.1
Project("{FAE04EC0-301F-11D3-BF4B-00C04F79EFBC}") = "Permuting_Two_Arrays", "Permuting_Two_Arrays\Permuting_Two_Arrays.csproj", "{3DF694C7-49F5-4CF8-B3F3-169293528F37}"
EndProject
Global
	GlobalSection(SolutionConfigurationPlatforms) = preSolution
		Debug|Any CPU = Debug|Any CPU
		Release|Any CPU = Release|Any CPU
	EndGlobalSection
	GlobalSection(ProjectConfigurationPlatforms) = postSolution
		{3DF694C7-49F5-4CF8-B3F3-169293528F37}.Debug|Any CPU.ActiveCfg = Debug|Any CPU
		{3DF694C7-49F5-4CF8-B3F3-169293528F37}.Debug|Any CPU.Build.0 = Debug|Any CPU
		{3DF694C7-49F5-4CF8-B3F3-169293528F37}.Release|Any CPU.ActiveCfg = Release|Any CPU
		{3DF694C7-49F5-4CF8-B3F3-169293528F37}.Release|Any CPU.Build.0 = Release|Any CPU
	EndGlobalSection
	GlobalSection(SolutionProperties) = preSolution
		HideSolutionNode = FALSE
	EndGlobalSection
	GlobalSection(ExtensibilityGlobals) = postSolution
		SolutionGuid = {4261862A-5323-4076-9574-C5B8A6E536F7}
	EndGlobalSection
EndGlobal
