
Microsoft Visual Studio Solution File, Format Version 12.00
# Visual Studio Version 17
VisualStudioVersion = 17.14.36518.9
MinimumVisualStudioVersion = 10.0.40219.1
Project("{FAE04EC0-301F-11D3-BF4B-00C04F79EFBC}") = "New_Year_Chaos", "New_Year_Chaos\New_Year_Chaos.csproj", "{A548C747-6EB0-49DD-9A75-73273F4ECE53}"
EndProject
Project("{FAE04EC0-301F-11D3-BF4B-00C04F79EFBC}") = "Goodland_Electricity", "Goodland_Electricity\Goodland_Electricity.csproj", "{A62F0735-B2E5-4783-9F72-5C73C4CCBE28}"
EndProject
Project("{FAE04EC0-301F-11D3-BF4B-00C04F79EFBC}") = "Sherlock_and_the_Valid_String", "Sherlock_and_the_Valid_String\Sherlock_and_the_Valid_String.csproj", "{0E740B06-D445-40E5-ADA7-5A00BD48CCA9}"
EndProject
Project("{FAE04EC0-301F-11D3-BF4B-00C04F79EFBC}") = "Climbing_the_Leaderboard", "Climbing_the_Leaderboard\Climbing_the_Leaderboard.csproj", "{FAAD63D0-9C67-4F82-B863-003C5E8B1633}"
EndProject
Project("{FAE04EC0-301F-11D3-BF4B-00C04F79EFBC}") = "Reverse_a_linked_list", "Reverse_a_linked_list\Reverse_a_linked_list.csproj", "{179A492C-8B57-46C3-AE7D-CF13471E8BD4}"
EndProject
Project("{FAE04EC0-301F-11D3-BF4B-00C04F79EFBC}") = "Reverse_a_doubly_linked_list", "Reverse_a_doubly_linked_list\Reverse_a_doubly_linked_list.csproj", "{AD4D5C9C-D623-4308-B048-16AC4CC6608B}"
EndProject
Global
	GlobalSection(SolutionConfigurationPlatforms) = preSolution
		Debug|Any CPU = Debug|Any CPU
		Release|Any CPU = Release|Any CPU
	EndGlobalSection
	GlobalSection(ProjectConfigurationPlatforms) = postSolution
		{A548C747-6EB0-49DD-9A75-73273F4ECE53}.Debug|Any CPU.ActiveCfg = Debug|Any CPU
		{A548C747-6EB0-49DD-9A75-73273F4ECE53}.Debug|Any CPU.Build.0 = Debug|Any CPU
		{A548C747-6EB0-49DD-9A75-73273F4ECE53}.Release|Any CPU.ActiveCfg = Release|Any CPU
		{A548C747-6EB0-49DD-9A75-73273F4ECE53}.Release|Any CPU.Build.0 = Release|Any CPU
		{A62F0735-B2E5-4783-9F72-5C73C4CCBE28}.Debug|Any CPU.ActiveCfg = Debug|Any CPU
		{A62F0735-B2E5-4783-9F72-5C73C4CCBE28}.Debug|Any CPU.Build.0 = Debug|Any CPU
		{A62F0735-B2E5-4783-9F72-5C73C4CCBE28}.Release|Any CPU.ActiveCfg = Release|Any CPU
		{A62F0735-B2E5-4783-9F72-5C73C4CCBE28}.Release|Any CPU.Build.0 = Release|Any CPU
		{0E740B06-D445-40E5-ADA7-5A00BD48CCA9}.Debug|Any CPU.ActiveCfg = Debug|Any CPU
		{0E740B06-D445-40E5-ADA7-5A00BD48CCA9}.Debug|Any CPU.Build.0 = Debug|Any CPU
		{0E740B06-D445-40E5-ADA7-5A00BD48CCA9}.Release|Any CPU.ActiveCfg = Release|Any CPU
		{0E740B06-D445-40E5-ADA7-5A00BD48CCA9}.Release|Any CPU.Build.0 = Release|Any CPU
		{FAAD63D0-9C67-4F82-B863-003C5E8B1633}.Debug|Any CPU.ActiveCfg = Debug|Any CPU
		{FAAD63D0-9C67-4F82-B863-003C5E8B1633}.Debug|Any CPU.Build.0 = Debug|Any CPU
		{FAAD63D0-9C67-4F82-B863-003C5E8B1633}.Release|Any CPU.ActiveCfg = Release|Any CPU
		{FAAD63D0-9C67-4F82-B863-003C5E8B1633}.Release|Any CPU.Build.0 = Release|Any CPU
		{179A492C-8B57-46C3-AE7D-CF13471E8BD4}.Debug|Any CPU.ActiveCfg = Debug|Any CPU
		{179A492C-8B57-46C3-AE7D-CF13471E8BD4}.Debug|Any CPU.Build.0 = Debug|Any CPU
		{179A492C-8B57-46C3-AE7D-CF13471E8BD4}.Release|Any CPU.ActiveCfg = Release|Any CPU
		{179A492C-8B57-46C3-AE7D-CF13471E8BD4}.Release|Any CPU.Build.0 = Release|Any CPU
		{AD4D5C9C-D623-4308-B048-16AC4CC6608B}.Debug|Any CPU.ActiveCfg = Debug|Any CPU
		{AD4D5C9C-D623-4308-B048-16AC4CC6608B}.Debug|Any CPU.Build.0 = Debug|Any CPU
		{AD4D5C9C-D623-4308-B048-16AC4CC6608B}.Release|Any CPU.ActiveCfg = Release|Any CPU
		{AD4D5C9C-D623-4308-B048-16AC4CC6608B}.Release|Any CPU.Build.0 = Release|Any CPU
	EndGlobalSection
	GlobalSection(SolutionProperties) = preSolution
		HideSolutionNode = FALSE
	EndGlobalSection
	GlobalSection(ExtensibilityGlobals) = postSolution
		SolutionGuid = {19F4FAFB-B697-490E-A5FE-5D961781281F}
	EndGlobalSection
EndGlobal
